
Microsoft Visual Studio Solution File, Format Version 12.00
# Visual Studio Version 17
VisualStudioVersion = 17.9.34723.18
MinimumVisualStudioVersion = 10.0.40219.1
Project("{FAE04EC0-301F-11D3-BF4B-00C04F79EFBC}") = "StarFieldSimulation", "StarFieldSimulation\StarFieldSimulation.csproj", "{508CA33F-4048-4A0F-AF45-2B7946FBBF0E}"
EndProject
Project("{FAE04EC0-301F-11D3-BF4B-00C04F79EFBC}") = "renameExe", "renameExe\renameExe.csproj", "{BD4528D0-33CF-4197-AD7F-AA54028ACFD6}"
EndProject
Global
	GlobalSection(SolutionConfigurationPlatforms) = preSolution
		Debug|Any CPU = Debug|Any CPU
		Release|Any CPU = Release|Any CPU
	EndGlobalSection
	GlobalSection(ProjectConfigurationPlatforms) = postSolution
		{508CA33F-4048-4A0F-AF45-2B7946FBBF0E}.Debug|Any CPU.ActiveCfg = Debug|Any CPU
		{508CA33F-4048-4A0F-AF45-2B7946FBBF0E}.Debug|Any CPU.Build.0 = Debug|Any CPU
		{508CA33F-4048-4A0F-AF45-2B7946FBBF0E}.Release|Any CPU.ActiveCfg = Release|Any CPU
		{508CA33F-4048-4A0F-AF45-2B7946FBBF0E}.Release|Any CPU.Build.0 = Release|Any CPU
		{BD4528D0-33CF-4197-AD7F-AA54028ACFD6}.Debug|Any CPU.ActiveCfg = Debug|Any CPU
		{BD4528D0-33CF-4197-AD7F-AA54028ACFD6}.Debug|Any CPU.Build.0 = Debug|Any CPU
		{BD4528D0-33CF-4197-AD7F-AA54028ACFD6}.Release|Any CPU.ActiveCfg = Release|Any CPU
		{BD4528D0-33CF-4197-AD7F-AA54028ACFD6}.Release|Any CPU.Build.0 = Release|Any CPU
	EndGlobalSection
	GlobalSection(SolutionProperties) = preSolution
		HideSolutionNode = FALSE
	EndGlobalSection
	GlobalSection(ExtensibilityGlobals) = postSolution
		SolutionGuid = {4F7E1DD5-852F-4AEC-B600-0B25CDC17B0C}
	EndGlobalSection
EndGlobal
